
Microsoft Visual Studio Solution File, Format Version 12.00
# Visual Studio Version 17
VisualStudioVersion = 17.6.33815.320
MinimumVisualStudioVersion = 10.0.40219.1
Project("{9A19103F-16F7-4668-BE54-9A1E7A4F7556}") = "LoginApi", "LoginApi.csproj", "{C324F49D-84CA-4821-AFF5-E85D4B76114A}"
EndProject
Project("{2150E333-8FDC-42A3-9474-1A3956D46DE8}") = "Solution Items", "Solution Items", "{AD1C0501-9F24-4C59-8318-CAD1E246739D}"
	ProjectSection(SolutionItems) = preProject
		README.md = README.md
	EndProjectSection
EndProject
Global
	GlobalSection(SolutionConfigurationPlatforms) = preSolution
		Debug|Any CPU = Debug|Any CPU
		Release|Any CPU = Release|Any CPU
	EndGlobalSection
	GlobalSection(ProjectConfigurationPlatforms) = postSolution
		{C324F49D-84CA-4821-AFF5-E85D4B76114A}.Debug|Any CPU.ActiveCfg = Debug|Any CPU
		{C324F49D-84CA-4821-AFF5-E85D4B76114A}.Debug|Any CPU.Build.0 = Debug|Any CPU
		{C324F49D-84CA-4821-AFF5-E85D4B76114A}.Release|Any CPU.ActiveCfg = Release|Any CPU
		{C324F49D-84CA-4821-AFF5-E85D4B76114A}.Release|Any CPU.Build.0 = Release|Any CPU
	EndGlobalSection
	GlobalSection(SolutionProperties) = preSolution
		HideSolutionNode = FALSE
	EndGlobalSection
	GlobalSection(ExtensibilityGlobals) = postSolution
		SolutionGuid = {6492D958-AC16-4C98-8A7F-FDE2AC40F903}
	EndGlobalSection
EndGlobal
